
Microsoft Visual Studio Solution File, Format Version 12.00
# Visual Studio Version 16
VisualStudioVersion = 16.0.810.16
MinimumVisualStudioVersion = 10.0.40219.1
Project("{FAE04EC0-301F-11D3-BF4B-00C04F79EFBC}") = "Xamarin.LineSDK.iOS", "Xamarin.LineSDK.iOS\Xamarin.LineSDK.iOS.csproj", "{C248F70C-6865-4B16-9CC6-5C7311986809}"
EndProject
Project("{FAE04EC0-301F-11D3-BF4B-00C04F79EFBC}") = "Xamarin.LineSDK.Android", "Xamarin.LineSDK.Android\Xamarin.LineSDK.Android.csproj", "{F7E7B8F5-10AF-44AA-96A0-EE916A592E0D}"
EndProject
Global
	GlobalSection(SolutionConfigurationPlatforms) = preSolution
		Debug|Any CPU = Debug|Any CPU
		Release|Any CPU = Release|Any CPU
	EndGlobalSection
	GlobalSection(ProjectConfigurationPlatforms) = postSolution
		{C248F70C-6865-4B16-9CC6-5C7311986809}.Debug|Any CPU.ActiveCfg = Debug|Any CPU
		{C248F70C-6865-4B16-9CC6-5C7311986809}.Debug|Any CPU.Build.0 = Debug|Any CPU
		{C248F70C-6865-4B16-9CC6-5C7311986809}.Release|Any CPU.ActiveCfg = Release|Any CPU
		{C248F70C-6865-4B16-9CC6-5C7311986809}.Release|Any CPU.Build.0 = Release|Any CPU
		{F7E7B8F5-10AF-44AA-96A0-EE916A592E0D}.Debug|Any CPU.ActiveCfg = Debug|Any CPU
		{F7E7B8F5-10AF-44AA-96A0-EE916A592E0D}.Debug|Any CPU.Build.0 = Debug|Any CPU
		{F7E7B8F5-10AF-44AA-96A0-EE916A592E0D}.Release|Any CPU.ActiveCfg = Release|Any CPU
		{F7E7B8F5-10AF-44AA-96A0-EE916A592E0D}.Release|Any CPU.Build.0 = Release|Any CPU
	EndGlobalSection
	GlobalSection(SolutionProperties) = preSolution
		HideSolutionNode = FALSE
	EndGlobalSection
	GlobalSection(ExtensibilityGlobals) = postSolution
		SolutionGuid = {2D98EE03-C22D-4E69-9728-E0AED870B585}
	EndGlobalSection
EndGlobal
